// !$*UTF8*$!
{
	archiveVersion = 1;
	classes = {
	};
	objectVersion = 55;
	objects = {

/* Begin PBXBuildFile section */
		BD10359528A41F7C00D57A5A /* AppDelegate.swift in Sources */ = {isa = PBXBuildFile; fileRef = BD10359428A41F7C00D57A5A /* AppDelegate.swift */; };
		BD10359728A41F7C00D57A5A /* SceneDelegate.swift in Sources */ = {isa = PBXBuildFile; fileRef = BD10359628A41F7C00D57A5A /* SceneDelegate.swift */; };
		BD10359928A41F7C00D57A5A /* ViewController.swift in Sources */ = {isa = PBXBuildFile; fileRef = BD10359828A41F7C00D57A5A /* ViewController.swift */; };
		BD10359C28A41F7C00D57A5A /* Main.storyboard in Resources */ = {isa = PBXBuildFile; fileRef = BD10359A28A41F7C00D57A5A /* Main.storyboard */; };
		BD10359F28A41F7C00D57A5A /* About_me.xcdatamodeld in Sources */ = {isa = PBXBuildFile; fileRef = BD10359D28A41F7C00D57A5A /* About_me.xcdatamodeld */; };
		BD1035A128A41F7E00D57A5A /* Assets.xcassets in Resources */ = {isa = PBXBuildFile; fileRef = BD1035A028A41F7E00D57A5A /* Assets.xcassets */; };
		BD1035A428A41F7E00D57A5A /* LaunchScreen.storyboard in Resources */ = {isa = PBXBuildFile; fileRef = BD1035A228A41F7E00D57A5A /* LaunchScreen.storyboard */; };
		BD1035AF28A41F7E00D57A5A /* About_meTests.swift in Sources */ = {isa = PBXBuildFile; fileRef = BD1035AE28A41F7E00D57A5A /* About_meTests.swift */; };
		BD1035B928A41F7E00D57A5A /* About_meUITests.swift in Sources */ = {isa = PBXBuildFile; fileRef = BD1035B828A41F7E00D57A5A /* About_meUITests.swift */; };
		BD1035BB28A41F7E00D57A5A /* About_meUITestsLaunchTests.swift in Sources */ = {isa = PBXBuildFile; fileRef = BD1035BA28A41F7E00D57A5A /* About_meUITestsLaunchTests.swift */; };
/* End PBXBuildFile section */

/* Begin PBXContainerItemProxy section */
		BD1035AB28A41F7E00D57A5A /* PBXContainerItemProxy */ = {
			isa = PBXContainerItemProxy;
			containerPortal = BD10358928A41F7C00D57A5A /* Project object */;
			proxyType = 1;
			remoteGlobalIDString = BD10359028A41F7C00D57A5A;
			remoteInfo = "About-me";
		};
		BD1035B528A41F7E00D57A5A /* PBXContainerItemProxy */ = {
			isa = PBXContainerItemProxy;
			containerPortal = BD10358928A41F7C00D57A5A /* Project object */;
			proxyType = 1;
			remoteGlobalIDString = BD10359028A41F7C00D57A5A;
			remoteInfo = "About-me";
		};
/* End PBXContainerItemProxy section */

/* Begin PBXFileReference section */
		BD10359128A41F7C00D57A5A /* About-me.app */ = {isa = PBXFileReference; explicitFileType = wrapper.application; includeInIndex = 0; path = "About-me.app"; sourceTree = BUILT_PRODUCTS_DIR; };
		BD10359428A41F7C00D57A5A /* AppDelegate.swift */ = {isa = PBXFileReference; lastKnownFileType = sourcecode.swift; path = AppDelegate.swift; sourceTree = "<group>"; };
		BD10359628A41F7C00D57A5A /* SceneDelegate.swift */ = {isa = PBXFileReference; lastKnownFileType = sourcecode.swift; path = SceneDelegate.swift; sourceTree = "<group>"; };
		BD10359828A41F7C00D57A5A /* ViewController.swift */ = {isa = PBXFileReference; lastKnownFileType = sourcecode.swift; path = ViewController.swift; sourceTree = "<group>"; };
		BD10359B28A41F7C00D57A5A /* Base */ = {isa = PBXFileReference; lastKnownFileType = file.storyboard; name = Base; path = Base.lproj/Main.storyboard; sourceTree = "<group>"; };
		BD10359E28A41F7C00D57A5A /* About_me.xcdatamodel */ = {isa = PBXFileReference; lastKnownFileType = wrapper.xcdatamodel; path = About_me.xcdatamodel; sourceTree = "<group>"; };
		BD1035A028A41F7E00D57A5A /* Assets.xcassets */ = {isa = PBXFileReference; lastKnownFileType = folder.assetcatalog; path = Assets.xcassets; sourceTree = "<group>"; };
		BD1035A328A41F7E00D57A5A /* Base */ = {isa = PBXFileReference; lastKnownFileType = file.storyboard; name = Base; path = Base.lproj/LaunchScreen.storyboard; sourceTree = "<group>"; };
		BD1035A528A41F7E00D57A5A /* Info.plist */ = {isa = PBXFileReference; lastKnownFileType = text.plist.xml; path = Info.plist; sourceTree = "<group>"; };
		BD1035AA28A41F7E00D57A5A /* About-meTests.xctest */ = {isa = PBXFileReference; explicitFileType = wrapper.cfbundle; includeInIndex = 0; path = "About-meTests.xctest"; sourceTree = BUILT_PRODUCTS_DIR; };
		BD1035AE28A41F7E00D57A5A /* About_meTests.swift */ = {isa = PBXFileReference; lastKnownFileType = sourcecode.swift; path = About_meTests.swift; sourceTree = "<group>"; };
		BD1035B428A41F7E00D57A5A /* About-meUITests.xctest */ = {isa = PBXFileReference; explicitFileType = wrapper.cfbundle; includeInIndex = 0; path = "About-meUITests.xctest"; sourceTree = BUILT_PRODUCTS_DIR; };
		BD1035B828A41F7E00D57A5A /* About_meUITests.swift */ = {isa = PBXFileReference; lastKnownFileType = sourcecode.swift; path = About_meUITests.swift; sourceTree = "<group>"; };
		BD1035BA28A41F7E00D57A5A /* About_meUITestsLaunchTests.swift */ = {isa = PBXFileReference; lastKnownFileType = sourcecode.swift; path = About_meUITestsLaunchTests.swift; sourceTree = "<group>"; };
/* End PBXFileReference section */

/* Begin PBXFrameworksBuildPhase section */
		BD10358E28A41F7C00D57A5A /* Frameworks */ = {
			isa = PBXFrameworksBuildPhase;
			buildActionMask = 2147483647;
			files = (
			);
			runOnlyForDeploymentPostprocessing = 0;
		};
		BD1035A728A41F7E00D57A5A /* Frameworks */ = {
			isa = PBXFrameworksBuildPhase;
			buildActionMask = 2147483647;
			files = (
			);
			runOnlyForDeploymentPostprocessing = 0;
		};
		BD1035B128A41F7E00D57A5A /* Frameworks */ = {
			isa = PBXFrameworksBuildPhase;
			buildActionMask = 2147483647;
			files = (
			);
			runOnlyForDeploymentPostprocessing = 0;
		};
/* End PBXFrameworksBuildPhase section */

/* Begin PBXGroup section */
		BD10358828A41F7C00D57A5A = {
			isa = PBXGroup;
			children = (
				BD10359328A41F7C00D57A5A /* About-me */,
				BD1035AD28A41F7E00D57A5A /* About-meTests */,
				BD1035B728A41F7E00D57A5A /* About-meUITests */,
				BD10359228A41F7C00D57A5A /* Products */,
			);
			sourceTree = "<group>";
		};
		BD10359228A41F7C00D57A5A /* Products */ = {
			isa = PBXGroup;
			children = (
				BD10359128A41F7C00D57A5A /* About-me.app */,
				BD1035AA28A41F7E00D57A5A /* About-meTests.xctest */,
				BD1035B428A41F7E00D57A5A /* About-meUITests.xctest */,
			);
			name = Products;
			sourceTree = "<group>";
		};
		BD10359328A41F7C00D57A5A /* About-me */ = {
			isa = PBXGroup;
			children = (
				BD10359428A41F7C00D57A5A /* AppDelegate.swift */,
				BD10359628A41F7C00D57A5A /* SceneDelegate.swift */,
				BD10359828A41F7C00D57A5A /* ViewController.swift */,
				BD10359A28A41F7C00D57A5A /* Main.storyboard */,
				BD1035A028A41F7E00D57A5A /* Assets.xcassets */,
				BD1035A228A41F7E00D57A5A /* LaunchScreen.storyboard */,
				BD1035A528A41F7E00D57A5A /* Info.plist */,
				BD10359D28A41F7C00D57A5A /* About_me.xcdatamodeld */,
			);
			path = "About-me";
			sourceTree = "<group>";
		};
		BD1035AD28A41F7E00D57A5A /* About-meTests */ = {
			isa = PBXGroup;
			children = (
				BD1035AE28A41F7E00D57A5A /* About_meTests.swift */,
			);
			path = "About-meTests";
			sourceTree = "<group>";
		};
		BD1035B728A41F7E00D57A5A /* About-meUITests */ = {
			isa = PBXGroup;
			children = (
				BD1035B828A41F7E00D57A5A /* About_meUITests.swift */,
				BD1035BA28A41F7E00D57A5A /* About_meUITestsLaunchTests.swift */,
			);
			path = "About-meUITests";
			sourceTree = "<group>";
		};
/* End PBXGroup section */

/* Begin PBXNativeTarget section */
		BD10359028A41F7C00D57A5A /* About-me */ = {
			isa = PBXNativeTarget;
			buildConfigurationList = BD1035BE28A41F7E00D57A5A /* Build configuration list for PBXNativeTarget "About-me" */;
			buildPhases = (
				BD10358D28A41F7C00D57A5A /* Sources */,
				BD10358E28A41F7C00D57A5A /* Frameworks */,
				BD10358F28A41F7C00D57A5A /* Resources */,
			);
			buildRules = (
			);
			dependencies = (
			);
			name = "About-me";
			productName = "About-me";
			productReference = BD10359128A41F7C00D57A5A /* About-me.app */;
			productType = "com.apple.product-type.application";
		};
		BD1035A928A41F7E00D57A5A /* About-meTests */ = {
			isa = PBXNativeTarget;
			buildConfigurationList = BD1035C128A41F7E00D57A5A /* Build configuration list for PBXNativeTarget "About-meTests" */;
			buildPhases = (
				BD1035A628A41F7E00D57A5A /* Sources */,
				BD1035A728A41F7E00D57A5A /* Frameworks */,
				BD1035A828A41F7E00D57A5A /* Resources */,
			);
			buildRules = (
			);
			dependencies = (
				BD1035AC28A41F7E00D57A5A /* PBXTargetDependency */,
			);
			name = "About-meTests";
			productName = "About-meTests";
			productReference = BD1035AA28A41F7E00D57A5A /* About-meTests.xctest */;
			productType = "com.apple.product-type.bundle.unit-test";
		};
		BD1035B328A41F7E00D57A5A /* About-meUITests */ = {
			isa = PBXNativeTarget;
			buildConfigurationList = BD1035C428A41F7E00D57A5A /* Build configuration list for PBXNativeTarget "About-meUITests" */;
			buildPhases = (
				BD1035B028A41F7E00D57A5A /* Sources */,
				BD1035B128A41F7E00D57A5A /* Frameworks */,
				BD1035B228A41F7E00D57A5A /* Resources */,
			);
			buildRules = (
			);
			dependencies = (
				BD1035B628A41F7E00D57A5A /* PBXTargetDependency */,
			);
			name = "About-meUITests";
			productName = "About-meUITests";
			productReference = BD1035B428A41F7E00D57A5A /* About-meUITests.xctest */;
			productType = "com.apple.product-type.bundle.ui-testing";
		};
/* End PBXNativeTarget section */

/* Begin PBXProject section */
		BD10358928A41F7C00D57A5A /* Project object */ = {
			isa = PBXProject;
			attributes = {
				BuildIndependentTargetsInParallel = 1;
				LastSwiftUpdateCheck = 1340;
				LastUpgradeCheck = 1340;
				TargetAttributes = {
					BD10359028A41F7C00D57A5A = {
						CreatedOnToolsVersion = 13.4.1;
					};
					BD1035A928A41F7E00D57A5A = {
						CreatedOnToolsVersion = 13.4.1;
						TestTargetID = BD10359028A41F7C00D57A5A;
					};
					BD1035B328A41F7E00D57A5A = {
						CreatedOnToolsVersion = 13.4.1;
						TestTargetID = BD10359028A41F7C00D57A5A;
					};
				};
			};
			buildConfigurationList = BD10358C28A41F7C00D57A5A /* Build configuration list for PBXProject "About-me" */;
			compatibilityVersion = "Xcode 13.0";
			developmentRegion = en;
			hasScannedForEncodings = 0;
			knownRegions = (
				en,
				Base,
			);
			mainGroup = BD10358828A41F7C00D57A5A;
			productRefGroup = BD10359228A41F7C00D57A5A /* Products */;
			projectDirPath = "";
			projectRoot = "";
			targets = (
				BD10359028A41F7C00D57A5A /* About-me */,
				BD1035A928A41F7E00D57A5A /* About-meTests */,
				BD1035B328A41F7E00D57A5A /* About-meUITests */,
			);
		};
/* End PBXProject section */

/* Begin PBXResourcesBuildPhase section */
		BD10358F28A41F7C00D57A5A /* Resources */ = {
			isa = PBXResourcesBuildPhase;
			buildActionMask = 2147483647;
			files = (
				BD1035A428A41F7E00D57A5A /* LaunchScreen.storyboard in Resources */,
				BD1035A128A41F7E00D57A5A /* Assets.xcassets in Resources */,
				BD10359C28A41F7C00D57A5A /* Main.storyboard in Resources */,
			);
			runOnlyForDeploymentPostprocessing = 0;
		};
		BD1035A828A41F7E00D57A5A /* Resources */ = {
			isa = PBXResourcesBuildPhase;
			buildActionMask = 2147483647;
			files = (
			);
			runOnlyForDeploymentPostprocessing = 0;
		};
		BD1035B228A41F7E00D57A5A /* Resources */ = {
			isa = PBXResourcesBuildPhase;
			buildActionMask = 2147483647;
			files = (
			);
			runOnlyForDeploymentPostprocessing = 0;
		};
/* End PBXResourcesBuildPhase section */

/* Begin PBXSourcesBuildPhase section */
		BD10358D28A41F7C00D57A5A /* Sources */ = {
			isa = PBXSourcesBuildPhase;
			buildActionMask = 2147483647;
			files = (
				BD10359928A41F7C00D57A5A /* ViewController.swift in Sources */,
				BD10359F28A41F7C00D57A5A /* About_me.xcdatamodeld in Sources */,
				BD10359528A41F7C00D57A5A /* AppDelegate.swift in Sources */,
				BD10359728A41F7C00D57A5A /* SceneDelegate.swift in Sources */,
			);
			runOnlyForDeploymentPostprocessing = 0;
		};
		BD1035A628A41F7E00D57A5A /* Sources */ = {
			isa = PBXSourcesBuildPhase;
			buildActionMask = 2147483647;
			files = (
				BD1035AF28A41F7E00D57A5A /* About_meTests.swift in Sources */,
			);
			runOnlyForDeploymentPostprocessing = 0;
		};
		BD1035B028A41F7E00D57A5A /* Sources */ = {
			isa = PBXSourcesBuildPhase;
			buildActionMask = 2147483647;
			files = (
				BD1035BB28A41F7E00D57A5A /* About_meUITestsLaunchTests.swift in Sources */,
				BD1035B928A41F7E00D57A5A /* About_meUITests.swift in Sources */,
			);
			runOnlyForDeploymentPostprocessing = 0;
		};
/* End PBXSourcesBuildPhase section */

/* Begin PBXTargetDependency section */
		BD1035AC28A41F7E00D57A5A /* PBXTargetDependency */ = {
			isa = PBXTargetDependency;
			target = BD10359028A41F7C00D57A5A /* About-me */;
			targetProxy = BD1035AB28A41F7E00D57A5A /* PBXContainerItemProxy */;
		};
		BD1035B628A41F7E00D57A5A /* PBXTargetDependency */ = {
			isa = PBXTargetDependency;
			target = BD10359028A41F7C00D57A5A /* About-me */;
			targetProxy = BD1035B528A41F7E00D57A5A /* PBXContainerItemProxy */;
		};
/* End PBXTargetDependency section */

/* Begin PBXVariantGroup section */
		BD10359A28A41F7C00D57A5A /* Main.storyboard */ = {
			isa = PBXVariantGroup;
			children = (
				BD10359B28A41F7C00D57A5A /* Base */,
			);
			name = Main.storyboard;
			sourceTree = "<group>";
		};
		BD1035A228A41F7E00D57A5A /* LaunchScreen.storyboard */ = {
			isa = PBXVariantGroup;
			children = (
				BD1035A328A41F7E00D57A5A /* Base */,
			);
			name = LaunchScreen.storyboard;
			sourceTree = "<group>";
		};
/* End PBXVariantGroup section */

/* Begin XCBuildConfiguration section */
		BD1035BC28A41F7E00D57A5A /* Debug */ = {
			isa = XCBuildConfiguration;
			buildSettings = {
				ALWAYS_SEARCH_USER_PATHS = NO;
				CLANG_ANALYZER_NONNULL = YES;
				CLANG_ANALYZER_NUMBER_OBJECT_CONVERSION = YES_AGGRESSIVE;
				CLANG_CXX_LANGUAGE_STANDARD = "gnu++17";
				CLANG_ENABLE_MODULES = YES;
				CLANG_ENABLE_OBJC_ARC = YES;
				CLANG_ENABLE_OBJC_WEAK = YES;
				CLANG_WARN_BLOCK_CAPTURE_AUTORELEASING = YES;
				CLANG_WARN_BOOL_CONVERSION = YES;
				CLANG_WARN_COMMA = YES;
				CLANG_WARN_CONSTANT_CONVERSION = YES;
				CLANG_WARN_DEPRECATED_OBJC_IMPLEMENTATIONS = YES;
				CLANG_WARN_DIRECT_OBJC_ISA_USAGE = YES_ERROR;
				CLANG_WARN_DOCUMENTATION_COMMENTS = YES;
				CLANG_WARN_EMPTY_BODY = YES;
				CLANG_WARN_ENUM_CONVERSION = YES;
				CLANG_WARN_INFINITE_RECURSION = YES;
				CLANG_WARN_INT_CONVERSION = YES;
				CLANG_WARN_NON_LITERAL_NULL_CONVERSION = YES;
				CLANG_WARN_OBJC_IMPLICIT_RETAIN_SELF = YES;
				CLANG_WARN_OBJC_LITERAL_CONVERSION = YES;
				CLANG_WARN_OBJC_ROOT_CLASS = YES_ERROR;
				CLANG_WARN_QUOTED_INCLUDE_IN_FRAMEWORK_HEADER = YES;
				CLANG_WARN_RANGE_LOOP_ANALYSIS = YES;
				CLANG_WARN_STRICT_PROTOTYPES = YES;
				CLANG_WARN_SUSPICIOUS_MOVE = YES;
				CLANG_WARN_UNGUARDED_AVAILABILITY = YES_AGGRESSIVE;
				CLANG_WARN_UNREACHABLE_CODE = YES;
				CLANG_WARN__DUPLICATE_METHOD_MATCH = YES;
				COPY_PHASE_STRIP = NO;
				DEBUG_INFORMATION_FORMAT = dwarf;
				ENABLE_STRICT_OBJC_MSGSEND = YES;
				ENABLE_TESTABILITY = YES;
				GCC_C_LANGUAGE_STANDARD = gnu11;
				GCC_DYNAMIC_NO_PIC = NO;
				GCC_NO_COMMON_BLOCKS = YES;
				GCC_OPTIMIZATION_LEVEL = 0;
				GCC_PREPROCESSOR_DEFINITIONS = (
					"DEBUG=1",
					"$(inherited)",
				);
				GCC_WARN_64_TO_32_BIT_CONVERSION = YES;
				GCC_WARN_ABOUT_RETURN_TYPE = YES_ERROR;
				GCC_WARN_UNDECLARED_SELECTOR = YES;
				GCC_WARN_UNINITIALIZED_AUTOS = YES_AGGRESSIVE;
				GCC_WARN_UNUSED_FUNCTION = YES;
				GCC_WARN_UNUSED_VARIABLE = YES;
				IPHONEOS_DEPLOYMENT_TARGET = 15.5;
				MTL_ENABLE_DEBUG_INFO = INCLUDE_SOURCE;
				MTL_FAST_MATH = YES;
				ONLY_ACTIVE_ARCH = YES;
				SDKROOT = iphoneos;
				SWIFT_ACTIVE_COMPILATION_CONDITIONS = DEBUG;
				SWIFT_OPTIMIZATION_LEVEL = "-Onone";
			};
			name = Debug;
		};
		BD1035BD28A41F7E00D57A5A /* Release */ = {
			isa = XCBuildConfiguration;
			buildSettings = {
				ALWAYS_SEARCH_USER_PATHS = NO;
				CLANG_ANALYZER_NONNULL = YES;
				CLANG_ANALYZER_NUMBER_OBJECT_CONVERSION = YES_AGGRESSIVE;
				CLANG_CXX_LANGUAGE_STANDARD = "gnu++17";
				CLANG_ENABLE_MODULES = YES;
				CLANG_ENABLE_OBJC_ARC = YES;
				CLANG_ENABLE_OBJC_WEAK = YES;
				CLANG_WARN_BLOCK_CAPTURE_AUTORELEASING = YES;
				CLANG_WARN_BOOL_CONVERSION = YES;
				CLANG_WARN_COMMA = YES;
				CLANG_WARN_CONSTANT_CONVERSION = YES;
				CLANG_WARN_DEPRECATED_OBJC_IMPLEMENTATIONS = YES;
				CLANG_WARN_DIRECT_OBJC_ISA_USAGE = YES_ERROR;
				CLANG_WARN_DOCUMENTATION_COMMENTS = YES;
				CLANG_WARN_EMPTY_BODY = YES;
				CLANG_WARN_ENUM_CONVERSION = YES;
				CLANG_WARN_INFINITE_RECURSION = YES;
				CLANG_WARN_INT_CONVERSION = YES;
				CLANG_WARN_NON_LITERAL_NULL_CONVERSION = YES;
				CLANG_WARN_OBJC_IMPLICIT_RETAIN_SELF = YES;
				CLANG_WARN_OBJC_LITERAL_CONVERSION = YES;
				CLANG_WARN_OBJC_ROOT_CLASS = YES_ERROR;
				CLANG_WARN_QUOTED_INCLUDE_IN_FRAMEWORK_HEADER = YES;
				CLANG_WARN_RANGE_LOOP_ANALYSIS = YES;
				CLANG_WARN_STRICT_PROTOTYPES = YES;
				CLANG_WARN_SUSPICIOUS_MOVE = YES;
				CLANG_WARN_UNGUARDED_AVAILABILITY = YES_AGGRESSIVE;
				CLANG_WARN_UNREACHABLE_CODE = YES;
				CLANG_WARN__DUPLICATE_METHOD_MATCH = YES;
				COPY_PHASE_STRIP = NO;
				DEBUG_INFORMATION_FORMAT = "dwarf-with-dsym";
				ENABLE_NS_ASSERTIONS = NO;
				ENABLE_STRICT_OBJC_MSGSEND = YES;
				GCC_C_LANGUAGE_STANDARD = gnu11;
				GCC_NO_COMMON_BLOCKS = YES;
				GCC_WARN_64_TO_32_BIT_CONVERSION = YES;
				GCC_WARN_ABOUT_RETURN_TYPE = YES_ERROR;
				GCC_WARN_UNDECLARED_SELECTOR = YES;
				GCC_WARN_UNINITIALIZED_AUTOS = YES_AGGRESSIVE;
				GCC_WARN_UNUSED_FUNCTION = YES;
				GCC_WARN_UNUSED_VARIABLE = YES;
				IPHONEOS_DEPLOYMENT_TARGET = 15.5;
				MTL_ENABLE_DEBUG_INFO = NO;
				MTL_FAST_MATH = YES;
				SDKROOT = iphoneos;
				SWIFT_COMPILATION_MODE = wholemodule;
				SWIFT_OPTIMIZATION_LEVEL = "-O";
				VALIDATE_PRODUCT = YES;
			};
			name = Release;
		};
		BD1035BF28A41F7E00D57A5A /* Debug */ = {
			isa = XCBuildConfiguration;
			buildSettings = {
				ASSETCATALOG_COMPILER_APPICON_NAME = AppIcon;
				ASSETCATALOG_COMPILER_GLOBAL_ACCENT_COLOR_NAME = AccentColor;
				CODE_SIGN_STYLE = Automatic;
				CURRENT_PROJECT_VERSION = 1;
				GENERATE_INFOPLIST_FILE = YES;
				INFOPLIST_FILE = "About-me/Info.plist";
				INFOPLIST_KEY_UIApplicationSupportsIndirectInputEvents = YES;
				INFOPLIST_KEY_UILaunchStoryboardName = LaunchScreen;
				INFOPLIST_KEY_UIMainStoryboardFile = Main;
				INFOPLIST_KEY_UISupportedInterfaceOrientations_iPad = "UIInterfaceOrientationPortrait UIInterfaceOrientationPortraitUpsideDown UIInterfaceOrientationLandscapeLeft UIInterfaceOrientationLandscapeRight";
				INFOPLIST_KEY_UISupportedInterfaceOrientations_iPhone = "UIInterfaceOrientationPortrait UIInterfaceOrientationLandscapeLeft UIInterfaceOrientationLandscapeRight";
				LD_RUNPATH_SEARCH_PATHS = (
					"$(inherited)",
					"@executable_path/Frameworks",
				);
				MARKETING_VERSION = 1.0;
				PRODUCT_BUNDLE_IDENTIFIER = "KWK.About-me";
				PRODUCT_NAME = "$(TARGET_NAME)";
				SWIFT_EMIT_LOC_STRINGS = YES;
				SWIFT_VERSION = 5.0;
				TARGETED_DEVICE_FAMILY = "1,2";
			};
			name = Debug;
		};
		BD1035C028A41F7E00D57A5A /* Release */ = {
			isa = XCBuildConfiguration;
			buildSettings = {
				ASSETCATALOG_COMPILER_APPICON_NAME = AppIcon;
				ASSETCATALOG_COMPILER_GLOBAL_ACCENT_COLOR_NAME = AccentColor;
				CODE_SIGN_STYLE = Automatic;
				CURRENT_PROJECT_VERSION = 1;
				GENERATE_INFOPLIST_FILE = YES;
				INFOPLIST_FILE = "About-me/Info.plist";
				INFOPLIST_KEY_UIApplicationSupportsIndirectInputEvents = YES;
				INFOPLIST_KEY_UILaunchStoryboardName = LaunchScreen;
				INFOPLIST_KEY_UIMainStoryboardFile = Main;
				INFOPLIST_KEY_UISupportedInterfaceOrientations_iPad = "UIInterfaceOrientationPortrait UIInterfaceOrientationPortraitUpsideDown UIInterfaceOrientationLandscapeLeft UIInterfaceOrientationLandscapeRight";
				INFOPLIST_KEY_UISupportedInterfaceOrientations_iPhone = "UIInterfaceOrientationPortrait UIInterfaceOrientationLandscapeLeft UIInterfaceOrientationLandscapeRight";
				LD_RUNPATH_SEARCH_PATHS = (
					"$(inherited)",
					"@executable_path/Frameworks",
				);
				MARKETING_VERSION = 1.0;
				PRODUCT_BUNDLE_IDENTIFIER = "KWK.About-me";
				PRODUCT_NAME = "$(TARGET_NAME)";
				SWIFT_EMIT_LOC_STRINGS = YES;
				SWIFT_VERSION = 5.0;
				TARGETED_DEVICE_FAMILY = "1,2";
			};
			name = Release;
		};
		BD1035C228A41F7E00D57A5A /* Debug */ = {
			isa = XCBuildConfiguration;
			buildSettings = {
				ALWAYS_EMBED_SWIFT_STANDARD_LIBRARIES = YES;
				BUNDLE_LOADER = "$(TEST_HOST)";
				CODE_SIGN_STYLE = Automatic;
				CURRENT_PROJECT_VERSION = 1;
				GENERATE_INFOPLIST_FILE = YES;
				IPHONEOS_DEPLOYMENT_TARGET = 15.5;
				MARKETING_VERSION = 1.0;
				PRODUCT_BUNDLE_IDENTIFIER = "KWK.About-meTests";
				PRODUCT_NAME = "$(TARGET_NAME)";
				SWIFT_EMIT_LOC_STRINGS = NO;
				SWIFT_VERSION = 5.0;
				TARGETED_DEVICE_FAMILY = "1,2";
				TEST_HOST = "$(BUILT_PRODUCTS_DIR)/About-me.app/About-me";
			};
			name = Debug;
		};
		BD1035C328A41F7E00D57A5A /* Release */ = {
			isa = XCBuildConfiguration;
			buildSettings = {
				ALWAYS_EMBED_SWIFT_STANDARD_LIBRARIES = YES;
				BUNDLE_LOADER = "$(TEST_HOST)";
				CODE_SIGN_STYLE = Automatic;
				CURRENT_PROJECT_VERSION = 1;
				GENERATE_INFOPLIST_FILE = YES;
				IPHONEOS_DEPLOYMENT_TARGET = 15.5;
				MARKETING_VERSION = 1.0;
				PRODUCT_BUNDLE_IDENTIFIER = "KWK.About-meTests";
				PRODUCT_NAME = "$(TARGET_NAME)";
				SWIFT_EMIT_LOC_STRINGS = NO;
				SWIFT_VERSION = 5.0;
				TARGETED_DEVICE_FAMILY = "1,2";
				TEST_HOST = "$(BUILT_PRODUCTS_DIR)/About-me.app/About-me";
			};
			name = Release;
		};
		BD1035C528A41F7E00D57A5A /* Debug */ = {
			isa = XCBuildConfiguration;
			buildSettings = {
				ALWAYS_EMBED_SWIFT_STANDARD_LIBRARIES = YES;
				CODE_SIGN_STYLE = Automatic;
				CURRENT_PROJECT_VERSION = 1;
				GENERATE_INFOPLIST_FILE = YES;
				MARKETING_VERSION = 1.0;
				PRODUCT_BUNDLE_IDENTIFIER = "KWK.About-meUITests";
				PRODUCT_NAME = "$(TARGET_NAME)";
				SWIFT_EMIT_LOC_STRINGS = NO;
				SWIFT_VERSION = 5.0;
				TARGETED_DEVICE_FAMILY = "1,2";
				TEST_TARGET_NAME = "About-me";
			};
			name = Debug;
		};
		BD1035C628A41F7E00D57A5A /* Release */ = {
			isa = XCBuildConfiguration;
			buildSettings = {
				ALWAYS_EMBED_SWIFT_STANDARD_LIBRARIES = YES;
				CODE_SIGN_STYLE = Automatic;
				CURRENT_PROJECT_VERSION = 1;
				GENERATE_INFOPLIST_FILE = YES;
				MARKETING_VERSION = 1.0;
				PRODUCT_BUNDLE_IDENTIFIER = "KWK.About-meUITests";
				PRODUCT_NAME = "$(TARGET_NAME)";
				SWIFT_EMIT_LOC_STRINGS = NO;
				SWIFT_VERSION = 5.0;
				TARGETED_DEVICE_FAMILY = "1,2";
				TEST_TARGET_NAME = "About-me";
			};
			name = Release;
		};
/* End XCBuildConfiguration section */

/* Begin XCConfigurationList section */
		BD10358C28A41F7C00D57A5A /* Build configuration list for PBXProject "About-me" */ = {
			isa = XCConfigurationList;
			buildConfigurations = (
				BD1035BC28A41F7E00D57A5A /* Debug */,
				BD1035BD28A41F7E00D57A5A /* Release */,
			);
			defaultConfigurationIsVisible = 0;
			defaultConfigurationName = Release;
		};
		BD1035BE28A41F7E00D57A5A /* Build configuration list for PBXNativeTarget "About-me" */ = {
			isa = XCConfigurationList;
			buildConfigurations = (
				BD1035BF28A41F7E00D57A5A /* Debug */,
				BD1035C028A41F7E00D57A5A /* Release */,
			);
			defaultConfigurationIsVisible = 0;
			defaultConfigurationName = Release;
		};
		BD1035C128A41F7E00D57A5A /* Build configuration list for PBXNativeTarget "About-meTests" */ = {
			isa = XCConfigurationList;
			buildConfigurations = (
				BD1035C228A41F7E00D57A5A /* Debug */,
				BD1035C328A41F7E00D57A5A /* Release */,
			);
			defaultConfigurationIsVisible = 0;
			defaultConfigurationName = Release;
		};
		BD1035C428A41F7E00D57A5A /* Build configuration list for PBXNativeTarget "About-meUITests" */ = {
			isa = XCConfigurationList;
			buildConfigurations = (
				BD1035C528A41F7E00D57A5A /* Debug */,
				BD1035C628A41F7E00D57A5A /* Release */,
			);
			defaultConfigurationIsVisible = 0;
			defaultConfigurationName = Release;
		};
/* End XCConfigurationList section */

/* Begin XCVersionGroup section */
		BD10359D28A41F7C00D57A5A /* About_me.xcdatamodeld */ = {
			isa = XCVersionGroup;
			children = (
				BD10359E28A41F7C00D57A5A /* About_me.xcdatamodel */,
			);
			currentVersion = BD10359E28A41F7C00D57A5A /* About_me.xcdatamodel */;
			path = About_me.xcdatamodeld;
			sourceTree = "<group>";
			versionGroupType = wrapper.xcdatamodel;
		};
/* End XCVersionGroup section */
	};
	rootObject = BD10358928A41F7C00D57A5A /* Project object */;
}
