// !$*UTF8*$!
{
	archiveVersion = 1;
	classes = {
	};
	objectVersion = 55;
	objects = {

/* Begin PBXBuildFile section */
		BD10355628A3FD6300D57A5A /* AppDelegate.swift in Sources */ = {isa = PBXBuildFile; fileRef = BD10355528A3FD6300D57A5A /* AppDelegate.swift */; };
		BD10355828A3FD6300D57A5A /* SceneDelegate.swift in Sources */ = {isa = PBXBuildFile; fileRef = BD10355728A3FD6300D57A5A /* SceneDelegate.swift */; };
		BD10355A28A3FD6300D57A5A /* ViewController.swift in Sources */ = {isa = PBXBuildFile; fileRef = BD10355928A3FD6300D57A5A /* ViewController.swift */; };
		BD10355D28A3FD6300D57A5A /* Main.storyboard in Resources */ = {isa = PBXBuildFile; fileRef = BD10355B28A3FD6300D57A5A /* Main.storyboard */; };
		BD10356028A3FD6300D57A5A /* Actions_Outlets.xcdatamodeld in Sources */ = {isa = PBXBuildFile; fileRef = BD10355E28A3FD6300D57A5A /* Actions_Outlets.xcdatamodeld */; };
		BD10356228A3FD6400D57A5A /* Assets.xcassets in Resources */ = {isa = PBXBuildFile; fileRef = BD10356128A3FD6400D57A5A /* Assets.xcassets */; };
		BD10356528A3FD6400D57A5A /* LaunchScreen.storyboard in Resources */ = {isa = PBXBuildFile; fileRef = BD10356328A3FD6400D57A5A /* LaunchScreen.storyboard */; };
		BD10357028A3FD6400D57A5A /* Actions_OutletsTests.swift in Sources */ = {isa = PBXBuildFile; fileRef = BD10356F28A3FD6400D57A5A /* Actions_OutletsTests.swift */; };
		BD10357A28A3FD6400D57A5A /* Actions_OutletsUITests.swift in Sources */ = {isa = PBXBuildFile; fileRef = BD10357928A3FD6400D57A5A /* Actions_OutletsUITests.swift */; };
		BD10357C28A3FD6400D57A5A /* Actions_OutletsUITestsLaunchTests.swift in Sources */ = {isa = PBXBuildFile; fileRef = BD10357B28A3FD6400D57A5A /* Actions_OutletsUITestsLaunchTests.swift */; };
/* End PBXBuildFile section */

/* Begin PBXContainerItemProxy section */
		BD10356C28A3FD6400D57A5A /* PBXContainerItemProxy */ = {
			isa = PBXContainerItemProxy;
			containerPortal = BD10354A28A3FD6300D57A5A /* Project object */;
			proxyType = 1;
			remoteGlobalIDString = BD10355128A3FD6300D57A5A;
			remoteInfo = "Actions&Outlets";
		};
		BD10357628A3FD6400D57A5A /* PBXContainerItemProxy */ = {
			isa = PBXContainerItemProxy;
			containerPortal = BD10354A28A3FD6300D57A5A /* Project object */;
			proxyType = 1;
			remoteGlobalIDString = BD10355128A3FD6300D57A5A;
			remoteInfo = "Actions&Outlets";
		};
/* End PBXContainerItemProxy section */

/* Begin PBXFileReference section */
		BD10355228A3FD6300D57A5A /* Actions&Outlets.app */ = {isa = PBXFileReference; explicitFileType = wrapper.application; includeInIndex = 0; path = "Actions&Outlets.app"; sourceTree = BUILT_PRODUCTS_DIR; };
		BD10355528A3FD6300D57A5A /* AppDelegate.swift */ = {isa = PBXFileReference; lastKnownFileType = sourcecode.swift; path = AppDelegate.swift; sourceTree = "<group>"; };
		BD10355728A3FD6300D57A5A /* SceneDelegate.swift */ = {isa = PBXFileReference; lastKnownFileType = sourcecode.swift; path = SceneDelegate.swift; sourceTree = "<group>"; };
		BD10355928A3FD6300D57A5A /* ViewController.swift */ = {isa = PBXFileReference; lastKnownFileType = sourcecode.swift; path = ViewController.swift; sourceTree = "<group>"; };
		BD10355C28A3FD6300D57A5A /* Base */ = {isa = PBXFileReference; lastKnownFileType = file.storyboard; name = Base; path = Base.lproj/Main.storyboard; sourceTree = "<group>"; };
		BD10355F28A3FD6300D57A5A /* Actions_Outlets.xcdatamodel */ = {isa = PBXFileReference; lastKnownFileType = wrapper.xcdatamodel; path = Actions_Outlets.xcdatamodel; sourceTree = "<group>"; };
		BD10356128A3FD6400D57A5A /* Assets.xcassets */ = {isa = PBXFileReference; lastKnownFileType = folder.assetcatalog; path = Assets.xcassets; sourceTree = "<group>"; };
		BD10356428A3FD6400D57A5A /* Base */ = {isa = PBXFileReference; lastKnownFileType = file.storyboard; name = Base; path = Base.lproj/LaunchScreen.storyboard; sourceTree = "<group>"; };
		BD10356628A3FD6400D57A5A /* Info.plist */ = {isa = PBXFileReference; lastKnownFileType = text.plist.xml; path = Info.plist; sourceTree = "<group>"; };
		BD10356B28A3FD6400D57A5A /* Actions&OutletsTests.xctest */ = {isa = PBXFileReference; explicitFileType = wrapper.cfbundle; includeInIndex = 0; path = "Actions&OutletsTests.xctest"; sourceTree = BUILT_PRODUCTS_DIR; };
		BD10356F28A3FD6400D57A5A /* Actions_OutletsTests.swift */ = {isa = PBXFileReference; lastKnownFileType = sourcecode.swift; path = Actions_OutletsTests.swift; sourceTree = "<group>"; };
		BD10357528A3FD6400D57A5A /* Actions&OutletsUITests.xctest */ = {isa = PBXFileReference; explicitFileType = wrapper.cfbundle; includeInIndex = 0; path = "Actions&OutletsUITests.xctest"; sourceTree = BUILT_PRODUCTS_DIR; };
		BD10357928A3FD6400D57A5A /* Actions_OutletsUITests.swift */ = {isa = PBXFileReference; lastKnownFileType = sourcecode.swift; path = Actions_OutletsUITests.swift; sourceTree = "<group>"; };
		BD10357B28A3FD6400D57A5A /* Actions_OutletsUITestsLaunchTests.swift */ = {isa = PBXFileReference; lastKnownFileType = sourcecode.swift; path = Actions_OutletsUITestsLaunchTests.swift; sourceTree = "<group>"; };
/* End PBXFileReference section */

/* Begin PBXFrameworksBuildPhase section */
		BD10354F28A3FD6300D57A5A /* Frameworks */ = {
			isa = PBXFrameworksBuildPhase;
			buildActionMask = 2147483647;
			files = (
			);
			runOnlyForDeploymentPostprocessing = 0;
		};
		BD10356828A3FD6400D57A5A /* Frameworks */ = {
			isa = PBXFrameworksBuildPhase;
			buildActionMask = 2147483647;
			files = (
			);
			runOnlyForDeploymentPostprocessing = 0;
		};
		BD10357228A3FD6400D57A5A /* Frameworks */ = {
			isa = PBXFrameworksBuildPhase;
			buildActionMask = 2147483647;
			files = (
			);
			runOnlyForDeploymentPostprocessing = 0;
		};
/* End PBXFrameworksBuildPhase section */

/* Begin PBXGroup section */
		BD10354928A3FD6300D57A5A = {
			isa = PBXGroup;
			children = (
				BD10355428A3FD6300D57A5A /* Actions&Outlets */,
				BD10356E28A3FD6400D57A5A /* Actions&OutletsTests */,
				BD10357828A3FD6400D57A5A /* Actions&OutletsUITests */,
				BD10355328A3FD6300D57A5A /* Products */,
			);
			sourceTree = "<group>";
		};
		BD10355328A3FD6300D57A5A /* Products */ = {
			isa = PBXGroup;
			children = (
				BD10355228A3FD6300D57A5A /* Actions&Outlets.app */,
				BD10356B28A3FD6400D57A5A /* Actions&OutletsTests.xctest */,
				BD10357528A3FD6400D57A5A /* Actions&OutletsUITests.xctest */,
			);
			name = Products;
			sourceTree = "<group>";
		};
		BD10355428A3FD6300D57A5A /* Actions&Outlets */ = {
			isa = PBXGroup;
			children = (
				BD10355528A3FD6300D57A5A /* AppDelegate.swift */,
				BD10355728A3FD6300D57A5A /* SceneDelegate.swift */,
				BD10355928A3FD6300D57A5A /* ViewController.swift */,
				BD10355B28A3FD6300D57A5A /* Main.storyboard */,
				BD10356128A3FD6400D57A5A /* Assets.xcassets */,
				BD10356328A3FD6400D57A5A /* LaunchScreen.storyboard */,
				BD10356628A3FD6400D57A5A /* Info.plist */,
				BD10355E28A3FD6300D57A5A /* Actions_Outlets.xcdatamodeld */,
			);
			path = "Actions&Outlets";
			sourceTree = "<group>";
		};
		BD10356E28A3FD6400D57A5A /* Actions&OutletsTests */ = {
			isa = PBXGroup;
			children = (
				BD10356F28A3FD6400D57A5A /* Actions_OutletsTests.swift */,
			);
			path = "Actions&OutletsTests";
			sourceTree = "<group>";
		};
		BD10357828A3FD6400D57A5A /* Actions&OutletsUITests */ = {
			isa = PBXGroup;
			children = (
				BD10357928A3FD6400D57A5A /* Actions_OutletsUITests.swift */,
				BD10357B28A3FD6400D57A5A /* Actions_OutletsUITestsLaunchTests.swift */,
			);
			path = "Actions&OutletsUITests";
			sourceTree = "<group>";
		};
/* End PBXGroup section */

/* Begin PBXNativeTarget section */
		BD10355128A3FD6300D57A5A /* Actions&Outlets */ = {
			isa = PBXNativeTarget;
			buildConfigurationList = BD10357F28A3FD6400D57A5A /* Build configuration list for PBXNativeTarget "Actions&Outlets" */;
			buildPhases = (
				BD10354E28A3FD6300D57A5A /* Sources */,
				BD10354F28A3FD6300D57A5A /* Frameworks */,
				BD10355028A3FD6300D57A5A /* Resources */,
			);
			buildRules = (
			);
			dependencies = (
			);
			name = "Actions&Outlets";
			productName = "Actions&Outlets";
			productReference = BD10355228A3FD6300D57A5A /* Actions&Outlets.app */;
			productType = "com.apple.product-type.application";
		};
		BD10356A28A3FD6400D57A5A /* Actions&OutletsTests */ = {
			isa = PBXNativeTarget;
			buildConfigurationList = BD10358228A3FD6400D57A5A /* Build configuration list for PBXNativeTarget "Actions&OutletsTests" */;
			buildPhases = (
				BD10356728A3FD6400D57A5A /* Sources */,
				BD10356828A3FD6400D57A5A /* Frameworks */,
				BD10356928A3FD6400D57A5A /* Resources */,
			);
			buildRules = (
			);
			dependencies = (
				BD10356D28A3FD6400D57A5A /* PBXTargetDependency */,
			);
			name = "Actions&OutletsTests";
			productName = "Actions&OutletsTests";
			productReference = BD10356B28A3FD6400D57A5A /* Actions&OutletsTests.xctest */;
			productType = "com.apple.product-type.bundle.unit-test";
		};
		BD10357428A3FD6400D57A5A /* Actions&OutletsUITests */ = {
			isa = PBXNativeTarget;
			buildConfigurationList = BD10358528A3FD6400D57A5A /* Build configuration list for PBXNativeTarget "Actions&OutletsUITests" */;
			buildPhases = (
				BD10357128A3FD6400D57A5A /* Sources */,
				BD10357228A3FD6400D57A5A /* Frameworks */,
				BD10357328A3FD6400D57A5A /* Resources */,
			);
			buildRules = (
			);
			dependencies = (
				BD10357728A3FD6400D57A5A /* PBXTargetDependency */,
			);
			name = "Actions&OutletsUITests";
			productName = "Actions&OutletsUITests";
			productReference = BD10357528A3FD6400D57A5A /* Actions&OutletsUITests.xctest */;
			productType = "com.apple.product-type.bundle.ui-testing";
		};
/* End PBXNativeTarget section */

/* Begin PBXProject section */
		BD10354A28A3FD6300D57A5A /* Project object */ = {
			isa = PBXProject;
			attributes = {
				BuildIndependentTargetsInParallel = 1;
				LastSwiftUpdateCheck = 1340;
				LastUpgradeCheck = 1340;
				TargetAttributes = {
					BD10355128A3FD6300D57A5A = {
						CreatedOnToolsVersion = 13.4.1;
					};
					BD10356A28A3FD6400D57A5A = {
						CreatedOnToolsVersion = 13.4.1;
						TestTargetID = BD10355128A3FD6300D57A5A;
					};
					BD10357428A3FD6400D57A5A = {
						CreatedOnToolsVersion = 13.4.1;
						TestTargetID = BD10355128A3FD6300D57A5A;
					};
				};
			};
			buildConfigurationList = BD10354D28A3FD6300D57A5A /* Build configuration list for PBXProject "Actions&Outlets" */;
			compatibilityVersion = "Xcode 13.0";
			developmentRegion = en;
			hasScannedForEncodings = 0;
			knownRegions = (
				en,
				Base,
			);
			mainGroup = BD10354928A3FD6300D57A5A;
			productRefGroup = BD10355328A3FD6300D57A5A /* Products */;
			projectDirPath = "";
			projectRoot = "";
			targets = (
				BD10355128A3FD6300D57A5A /* Actions&Outlets */,
				BD10356A28A3FD6400D57A5A /* Actions&OutletsTests */,
				BD10357428A3FD6400D57A5A /* Actions&OutletsUITests */,
			);
		};
/* End PBXProject section */

/* Begin PBXResourcesBuildPhase section */
		BD10355028A3FD6300D57A5A /* Resources */ = {
			isa = PBXResourcesBuildPhase;
			buildActionMask = 2147483647;
			files = (
				BD10356528A3FD6400D57A5A /* LaunchScreen.storyboard in Resources */,
				BD10356228A3FD6400D57A5A /* Assets.xcassets in Resources */,
				BD10355D28A3FD6300D57A5A /* Main.storyboard in Resources */,
			);
			runOnlyForDeploymentPostprocessing = 0;
		};
		BD10356928A3FD6400D57A5A /* Resources */ = {
			isa = PBXResourcesBuildPhase;
			buildActionMask = 2147483647;
			files = (
			);
			runOnlyForDeploymentPostprocessing = 0;
		};
		BD10357328A3FD6400D57A5A /* Resources */ = {
			isa = PBXResourcesBuildPhase;
			buildActionMask = 2147483647;
			files = (
			);
			runOnlyForDeploymentPostprocessing = 0;
		};
/* End PBXResourcesBuildPhase section */

/* Begin PBXSourcesBuildPhase section */
		BD10354E28A3FD6300D57A5A /* Sources */ = {
			isa = PBXSourcesBuildPhase;
			buildActionMask = 2147483647;
			files = (
				BD10356028A3FD6300D57A5A /* Actions_Outlets.xcdatamodeld in Sources */,
				BD10355A28A3FD6300D57A5A /* ViewController.swift in Sources */,
				BD10355628A3FD6300D57A5A /* AppDelegate.swift in Sources */,
				BD10355828A3FD6300D57A5A /* SceneDelegate.swift in Sources */,
			);
			runOnlyForDeploymentPostprocessing = 0;
		};
		BD10356728A3FD6400D57A5A /* Sources */ = {
			isa = PBXSourcesBuildPhase;
			buildActionMask = 2147483647;
			files = (
				BD10357028A3FD6400D57A5A /* Actions_OutletsTests.swift in Sources */,
			);
			runOnlyForDeploymentPostprocessing = 0;
		};
		BD10357128A3FD6400D57A5A /* Sources */ = {
			isa = PBXSourcesBuildPhase;
			buildActionMask = 2147483647;
			files = (
				BD10357A28A3FD6400D57A5A /* Actions_OutletsUITests.swift in Sources */,
				BD10357C28A3FD6400D57A5A /* Actions_OutletsUITestsLaunchTests.swift in Sources */,
			);
			runOnlyForDeploymentPostprocessing = 0;
		};
/* End PBXSourcesBuildPhase section */

/* Begin PBXTargetDependency section */
		BD10356D28A3FD6400D57A5A /* PBXTargetDependency */ = {
			isa = PBXTargetDependency;
			target = BD10355128A3FD6300D57A5A /* Actions&Outlets */;
			targetProxy = BD10356C28A3FD6400D57A5A /* PBXContainerItemProxy */;
		};
		BD10357728A3FD6400D57A5A /* PBXTargetDependency */ = {
			isa = PBXTargetDependency;
			target = BD10355128A3FD6300D57A5A /* Actions&Outlets */;
			targetProxy = BD10357628A3FD6400D57A5A /* PBXContainerItemProxy */;
		};
/* End PBXTargetDependency section */

/* Begin PBXVariantGroup section */
		BD10355B28A3FD6300D57A5A /* Main.storyboard */ = {
			isa = PBXVariantGroup;
			children = (
				BD10355C28A3FD6300D57A5A /* Base */,
			);
			name = Main.storyboard;
			sourceTree = "<group>";
		};
		BD10356328A3FD6400D57A5A /* LaunchScreen.storyboard */ = {
			isa = PBXVariantGroup;
			children = (
				BD10356428A3FD6400D57A5A /* Base */,
			);
			name = LaunchScreen.storyboard;
			sourceTree = "<group>";
		};
/* End PBXVariantGroup section */

/* Begin XCBuildConfiguration section */
		BD10357D28A3FD6400D57A5A /* Debug */ = {
			isa = XCBuildConfiguration;
			buildSettings = {
				ALWAYS_SEARCH_USER_PATHS = NO;
				CLANG_ANALYZER_NONNULL = YES;
				CLANG_ANALYZER_NUMBER_OBJECT_CONVERSION = YES_AGGRESSIVE;
				CLANG_CXX_LANGUAGE_STANDARD = "gnu++17";
				CLANG_ENABLE_MODULES = YES;
				CLANG_ENABLE_OBJC_ARC = YES;
				CLANG_ENABLE_OBJC_WEAK = YES;
				CLANG_WARN_BLOCK_CAPTURE_AUTORELEASING = YES;
				CLANG_WARN_BOOL_CONVERSION = YES;
				CLANG_WARN_COMMA = YES;
				CLANG_WARN_CONSTANT_CONVERSION = YES;
				CLANG_WARN_DEPRECATED_OBJC_IMPLEMENTATIONS = YES;
				CLANG_WARN_DIRECT_OBJC_ISA_USAGE = YES_ERROR;
				CLANG_WARN_DOCUMENTATION_COMMENTS = YES;
				CLANG_WARN_EMPTY_BODY = YES;
				CLANG_WARN_ENUM_CONVERSION = YES;
				CLANG_WARN_INFINITE_RECURSION = YES;
				CLANG_WARN_INT_CONVERSION = YES;
				CLANG_WARN_NON_LITERAL_NULL_CONVERSION = YES;
				CLANG_WARN_OBJC_IMPLICIT_RETAIN_SELF = YES;
				CLANG_WARN_OBJC_LITERAL_CONVERSION = YES;
				CLANG_WARN_OBJC_ROOT_CLASS = YES_ERROR;
				CLANG_WARN_QUOTED_INCLUDE_IN_FRAMEWORK_HEADER = YES;
				CLANG_WARN_RANGE_LOOP_ANALYSIS = YES;
				CLANG_WARN_STRICT_PROTOTYPES = YES;
				CLANG_WARN_SUSPICIOUS_MOVE = YES;
				CLANG_WARN_UNGUARDED_AVAILABILITY = YES_AGGRESSIVE;
				CLANG_WARN_UNREACHABLE_CODE = YES;
				CLANG_WARN__DUPLICATE_METHOD_MATCH = YES;
				COPY_PHASE_STRIP = NO;
				DEBUG_INFORMATION_FORMAT = dwarf;
				ENABLE_STRICT_OBJC_MSGSEND = YES;
				ENABLE_TESTABILITY = YES;
				GCC_C_LANGUAGE_STANDARD = gnu11;
				GCC_DYNAMIC_NO_PIC = NO;
				GCC_NO_COMMON_BLOCKS = YES;
				GCC_OPTIMIZATION_LEVEL = 0;
				GCC_PREPROCESSOR_DEFINITIONS = (
					"DEBUG=1",
					"$(inherited)",
				);
				GCC_WARN_64_TO_32_BIT_CONVERSION = YES;
				GCC_WARN_ABOUT_RETURN_TYPE = YES_ERROR;
				GCC_WARN_UNDECLARED_SELECTOR = YES;
				GCC_WARN_UNINITIALIZED_AUTOS = YES_AGGRESSIVE;
				GCC_WARN_UNUSED_FUNCTION = YES;
				GCC_WARN_UNUSED_VARIABLE = YES;
				IPHONEOS_DEPLOYMENT_TARGET = 15.5;
				MTL_ENABLE_DEBUG_INFO = INCLUDE_SOURCE;
				MTL_FAST_MATH = YES;
				ONLY_ACTIVE_ARCH = YES;
				SDKROOT = iphoneos;
				SWIFT_ACTIVE_COMPILATION_CONDITIONS = DEBUG;
				SWIFT_OPTIMIZATION_LEVEL = "-Onone";
			};
			name = Debug;
		};
		BD10357E28A3FD6400D57A5A /* Release */ = {
			isa = XCBuildConfiguration;
			buildSettings = {
				ALWAYS_SEARCH_USER_PATHS = NO;
				CLANG_ANALYZER_NONNULL = YES;
				CLANG_ANALYZER_NUMBER_OBJECT_CONVERSION = YES_AGGRESSIVE;
				CLANG_CXX_LANGUAGE_STANDARD = "gnu++17";
				CLANG_ENABLE_MODULES = YES;
				CLANG_ENABLE_OBJC_ARC = YES;
				CLANG_ENABLE_OBJC_WEAK = YES;
				CLANG_WARN_BLOCK_CAPTURE_AUTORELEASING = YES;
				CLANG_WARN_BOOL_CONVERSION = YES;
				CLANG_WARN_COMMA = YES;
				CLANG_WARN_CONSTANT_CONVERSION = YES;
				CLANG_WARN_DEPRECATED_OBJC_IMPLEMENTATIONS = YES;
				CLANG_WARN_DIRECT_OBJC_ISA_USAGE = YES_ERROR;
				CLANG_WARN_DOCUMENTATION_COMMENTS = YES;
				CLANG_WARN_EMPTY_BODY = YES;
				CLANG_WARN_ENUM_CONVERSION = YES;
				CLANG_WARN_INFINITE_RECURSION = YES;
				CLANG_WARN_INT_CONVERSION = YES;
				CLANG_WARN_NON_LITERAL_NULL_CONVERSION = YES;
				CLANG_WARN_OBJC_IMPLICIT_RETAIN_SELF = YES;
				CLANG_WARN_OBJC_LITERAL_CONVERSION = YES;
				CLANG_WARN_OBJC_ROOT_CLASS = YES_ERROR;
				CLANG_WARN_QUOTED_INCLUDE_IN_FRAMEWORK_HEADER = YES;
				CLANG_WARN_RANGE_LOOP_ANALYSIS = YES;
				CLANG_WARN_STRICT_PROTOTYPES = YES;
				CLANG_WARN_SUSPICIOUS_MOVE = YES;
				CLANG_WARN_UNGUARDED_AVAILABILITY = YES_AGGRESSIVE;
				CLANG_WARN_UNREACHABLE_CODE = YES;
				CLANG_WARN__DUPLICATE_METHOD_MATCH = YES;
				COPY_PHASE_STRIP = NO;
				DEBUG_INFORMATION_FORMAT = "dwarf-with-dsym";
				ENABLE_NS_ASSERTIONS = NO;
				ENABLE_STRICT_OBJC_MSGSEND = YES;
				GCC_C_LANGUAGE_STANDARD = gnu11;
				GCC_NO_COMMON_BLOCKS = YES;
				GCC_WARN_64_TO_32_BIT_CONVERSION = YES;
				GCC_WARN_ABOUT_RETURN_TYPE = YES_ERROR;
				GCC_WARN_UNDECLARED_SELECTOR = YES;
				GCC_WARN_UNINITIALIZED_AUTOS = YES_AGGRESSIVE;
				GCC_WARN_UNUSED_FUNCTION = YES;
				GCC_WARN_UNUSED_VARIABLE = YES;
				IPHONEOS_DEPLOYMENT_TARGET = 15.5;
				MTL_ENABLE_DEBUG_INFO = NO;
				MTL_FAST_MATH = YES;
				SDKROOT = iphoneos;
				SWIFT_COMPILATION_MODE = wholemodule;
				SWIFT_OPTIMIZATION_LEVEL = "-O";
				VALIDATE_PRODUCT = YES;
			};
			name = Release;
		};
		BD10358028A3FD6400D57A5A /* Debug */ = {
			isa = XCBuildConfiguration;
			buildSettings = {
				ASSETCATALOG_COMPILER_APPICON_NAME = AppIcon;
				ASSETCATALOG_COMPILER_GLOBAL_ACCENT_COLOR_NAME = AccentColor;
				CODE_SIGN_STYLE = Automatic;
				CURRENT_PROJECT_VERSION = 1;
				GENERATE_INFOPLIST_FILE = YES;
				INFOPLIST_FILE = "Actions&Outlets/Info.plist";
				INFOPLIST_KEY_UIApplicationSupportsIndirectInputEvents = YES;
				INFOPLIST_KEY_UILaunchStoryboardName = LaunchScreen;
				INFOPLIST_KEY_UIMainStoryboardFile = Main;
				INFOPLIST_KEY_UISupportedInterfaceOrientations_iPad = "UIInterfaceOrientationPortrait UIInterfaceOrientationPortraitUpsideDown UIInterfaceOrientationLandscapeLeft UIInterfaceOrientationLandscapeRight";
				INFOPLIST_KEY_UISupportedInterfaceOrientations_iPhone = "UIInterfaceOrientationPortrait UIInterfaceOrientationLandscapeLeft UIInterfaceOrientationLandscapeRight";
				LD_RUNPATH_SEARCH_PATHS = (
					"$(inherited)",
					"@executable_path/Frameworks",
				);
				MARKETING_VERSION = 1.0;
				PRODUCT_BUNDLE_IDENTIFIER = "KWK.Actions-Outlets";
				PRODUCT_NAME = "$(TARGET_NAME)";
				SWIFT_EMIT_LOC_STRINGS = YES;
				SWIFT_VERSION = 5.0;
				TARGETED_DEVICE_FAMILY = "1,2";
			};
			name = Debug;
		};
		BD10358128A3FD6400D57A5A /* Release */ = {
			isa = XCBuildConfiguration;
			buildSettings = {
				ASSETCATALOG_COMPILER_APPICON_NAME = AppIcon;
				ASSETCATALOG_COMPILER_GLOBAL_ACCENT_COLOR_NAME = AccentColor;
				CODE_SIGN_STYLE = Automatic;
				CURRENT_PROJECT_VERSION = 1;
				GENERATE_INFOPLIST_FILE = YES;
				INFOPLIST_FILE = "Actions&Outlets/Info.plist";
				INFOPLIST_KEY_UIApplicationSupportsIndirectInputEvents = YES;
				INFOPLIST_KEY_UILaunchStoryboardName = LaunchScreen;
				INFOPLIST_KEY_UIMainStoryboardFile = Main;
				INFOPLIST_KEY_UISupportedInterfaceOrientations_iPad = "UIInterfaceOrientationPortrait UIInterfaceOrientationPortraitUpsideDown UIInterfaceOrientationLandscapeLeft UIInterfaceOrientationLandscapeRight";
				INFOPLIST_KEY_UISupportedInterfaceOrientations_iPhone = "UIInterfaceOrientationPortrait UIInterfaceOrientationLandscapeLeft UIInterfaceOrientationLandscapeRight";
				LD_RUNPATH_SEARCH_PATHS = (
					"$(inherited)",
					"@executable_path/Frameworks",
				);
				MARKETING_VERSION = 1.0;
				PRODUCT_BUNDLE_IDENTIFIER = "KWK.Actions-Outlets";
				PRODUCT_NAME = "$(TARGET_NAME)";
				SWIFT_EMIT_LOC_STRINGS = YES;
				SWIFT_VERSION = 5.0;
				TARGETED_DEVICE_FAMILY = "1,2";
			};
			name = Release;
		};
		BD10358328A3FD6400D57A5A /* Debug */ = {
			isa = XCBuildConfiguration;
			buildSettings = {
				ALWAYS_EMBED_SWIFT_STANDARD_LIBRARIES = YES;
				BUNDLE_LOADER = "$(TEST_HOST)";
				CODE_SIGN_STYLE = Automatic;
				CURRENT_PROJECT_VERSION = 1;
				GENERATE_INFOPLIST_FILE = YES;
				IPHONEOS_DEPLOYMENT_TARGET = 15.5;
				MARKETING_VERSION = 1.0;
				PRODUCT_BUNDLE_IDENTIFIER = "KWK.Actions-OutletsTests";
				PRODUCT_NAME = "$(TARGET_NAME)";
				SWIFT_EMIT_LOC_STRINGS = NO;
				SWIFT_VERSION = 5.0;
				TARGETED_DEVICE_FAMILY = "1,2";
				TEST_HOST = "$(BUILT_PRODUCTS_DIR)/Actions&Outlets.app/Actions&Outlets";
			};
			name = Debug;
		};
		BD10358428A3FD6400D57A5A /* Release */ = {
			isa = XCBuildConfiguration;
			buildSettings = {
				ALWAYS_EMBED_SWIFT_STANDARD_LIBRARIES = YES;
				BUNDLE_LOADER = "$(TEST_HOST)";
				CODE_SIGN_STYLE = Automatic;
				CURRENT_PROJECT_VERSION = 1;
				GENERATE_INFOPLIST_FILE = YES;
				IPHONEOS_DEPLOYMENT_TARGET = 15.5;
				MARKETING_VERSION = 1.0;
				PRODUCT_BUNDLE_IDENTIFIER = "KWK.Actions-OutletsTests";
				PRODUCT_NAME = "$(TARGET_NAME)";
				SWIFT_EMIT_LOC_STRINGS = NO;
				SWIFT_VERSION = 5.0;
				TARGETED_DEVICE_FAMILY = "1,2";
				TEST_HOST = "$(BUILT_PRODUCTS_DIR)/Actions&Outlets.app/Actions&Outlets";
			};
			name = Release;
		};
		BD10358628A3FD6400D57A5A /* Debug */ = {
			isa = XCBuildConfiguration;
			buildSettings = {
				ALWAYS_EMBED_SWIFT_STANDARD_LIBRARIES = YES;
				CODE_SIGN_STYLE = Automatic;
				CURRENT_PROJECT_VERSION = 1;
				GENERATE_INFOPLIST_FILE = YES;
				MARKETING_VERSION = 1.0;
				PRODUCT_BUNDLE_IDENTIFIER = "KWK.Actions-OutletsUITests";
				PRODUCT_NAME = "$(TARGET_NAME)";
				SWIFT_EMIT_LOC_STRINGS = NO;
				SWIFT_VERSION = 5.0;
				TARGETED_DEVICE_FAMILY = "1,2";
				TEST_TARGET_NAME = "Actions&Outlets";
			};
			name = Debug;
		};
		BD10358728A3FD6400D57A5A /* Release */ = {
			isa = XCBuildConfiguration;
			buildSettings = {
				ALWAYS_EMBED_SWIFT_STANDARD_LIBRARIES = YES;
				CODE_SIGN_STYLE = Automatic;
				CURRENT_PROJECT_VERSION = 1;
				GENERATE_INFOPLIST_FILE = YES;
				MARKETING_VERSION = 1.0;
				PRODUCT_BUNDLE_IDENTIFIER = "KWK.Actions-OutletsUITests";
				PRODUCT_NAME = "$(TARGET_NAME)";
				SWIFT_EMIT_LOC_STRINGS = NO;
				SWIFT_VERSION = 5.0;
				TARGETED_DEVICE_FAMILY = "1,2";
				TEST_TARGET_NAME = "Actions&Outlets";
			};
			name = Release;
		};
/* End XCBuildConfiguration section */

/* Begin XCConfigurationList section */
		BD10354D28A3FD6300D57A5A /* Build configuration list for PBXProject "Actions&Outlets" */ = {
			isa = XCConfigurationList;
			buildConfigurations = (
				BD10357D28A3FD6400D57A5A /* Debug */,
				BD10357E28A3FD6400D57A5A /* Release */,
			);
			defaultConfigurationIsVisible = 0;
			defaultConfigurationName = Release;
		};
		BD10357F28A3FD6400D57A5A /* Build configuration list for PBXNativeTarget "Actions&Outlets" */ = {
			isa = XCConfigurationList;
			buildConfigurations = (
				BD10358028A3FD6400D57A5A /* Debug */,
				BD10358128A3FD6400D57A5A /* Release */,
			);
			defaultConfigurationIsVisible = 0;
			defaultConfigurationName = Release;
		};
		BD10358228A3FD6400D57A5A /* Build configuration list for PBXNativeTarget "Actions&OutletsTests" */ = {
			isa = XCConfigurationList;
			buildConfigurations = (
				BD10358328A3FD6400D57A5A /* Debug */,
				BD10358428A3FD6400D57A5A /* Release */,
			);
			defaultConfigurationIsVisible = 0;
			defaultConfigurationName = Release;
		};
		BD10358528A3FD6400D57A5A /* Build configuration list for PBXNativeTarget "Actions&OutletsUITests" */ = {
			isa = XCConfigurationList;
			buildConfigurations = (
				BD10358628A3FD6400D57A5A /* Debug */,
				BD10358728A3FD6400D57A5A /* Release */,
			);
			defaultConfigurationIsVisible = 0;
			defaultConfigurationName = Release;
		};
/* End XCConfigurationList section */

/* Begin XCVersionGroup section */
		BD10355E28A3FD6300D57A5A /* Actions_Outlets.xcdatamodeld */ = {
			isa = XCVersionGroup;
			children = (
				BD10355F28A3FD6300D57A5A /* Actions_Outlets.xcdatamodel */,
			);
			currentVersion = BD10355F28A3FD6300D57A5A /* Actions_Outlets.xcdatamodel */;
			path = Actions_Outlets.xcdatamodeld;
			sourceTree = "<group>";
			versionGroupType = wrapper.xcdatamodel;
		};
/* End XCVersionGroup section */
	};
	rootObject = BD10354A28A3FD6300D57A5A /* Project object */;
}
